
Microsoft Visual Studio Solution File, Format Version 12.00
# Visual Studio 2013
VisualStudioVersion = 12.0.31101.0
MinimumVisualStudioVersion = 10.0.40219.1
Project("{FAE04EC0-301F-11D3-BF4B-00C04F79EFBC}") = "WindowsService.Scheduling", "WindowsService.Scheduling\WindowsService.Scheduling.csproj", "{1CB7DD95-F1BA-4EA4-88BD-AEDF11D9E44E}"
EndProject
Project("{2150E333-8FDC-42A3-9474-1A3956D46DE8}") = "Examples", "Examples", "{CDD7CAE5-1D0F-46A9-B209-61760D773A61}"
EndProject
Project("{FAE04EC0-301F-11D3-BF4B-00C04F79EFBC}") = "WindowsService.Core", "WindowsService.Core\WindowsService.Core.csproj", "{2762C26E-2023-495E-8979-669AE5B41D01}"
EndProject
Project("{FAE04EC0-301F-11D3-BF4B-00C04F79EFBC}") = "WindowsService.Unity", "WindowsService.Unity\WindowsService.Unity.csproj", "{8670357B-B890-4463-89E1-44A9AD1BB68C}"
EndProject
Project("{FAE04EC0-301F-11D3-BF4B-00C04F79EFBC}") = "WindowsService.Scheduling.Unity.Registrars", "WindowsService.Scheduling.Unity.Registrars\WindowsService.Scheduling.Unity.Registrars.csproj", "{CD8945B1-33EE-487F-83E1-83FE8A42A251}"
EndProject
Project("{FAE04EC0-301F-11D3-BF4B-00C04F79EFBC}") = "WindowsService.Scheduling.Example", "Examples\WindowsService.Scheduling.Example\WindowsService.Scheduling.Example.csproj", "{4888028B-4BE8-4C82-BFEA-8793EF107C8B}"
EndProject
Global
	GlobalSection(SolutionConfigurationPlatforms) = preSolution
		Debug|Any CPU = Debug|Any CPU
		Release|Any CPU = Release|Any CPU
	EndGlobalSection
	GlobalSection(ProjectConfigurationPlatforms) = postSolution
		{1CB7DD95-F1BA-4EA4-88BD-AEDF11D9E44E}.Debug|Any CPU.ActiveCfg = Debug|Any CPU
		{1CB7DD95-F1BA-4EA4-88BD-AEDF11D9E44E}.Debug|Any CPU.Build.0 = Debug|Any CPU
		{1CB7DD95-F1BA-4EA4-88BD-AEDF11D9E44E}.Release|Any CPU.ActiveCfg = Release|Any CPU
		{1CB7DD95-F1BA-4EA4-88BD-AEDF11D9E44E}.Release|Any CPU.Build.0 = Release|Any CPU
		{2762C26E-2023-495E-8979-669AE5B41D01}.Debug|Any CPU.ActiveCfg = Debug|Any CPU
		{2762C26E-2023-495E-8979-669AE5B41D01}.Debug|Any CPU.Build.0 = Debug|Any CPU
		{2762C26E-2023-495E-8979-669AE5B41D01}.Release|Any CPU.ActiveCfg = Release|Any CPU
		{2762C26E-2023-495E-8979-669AE5B41D01}.Release|Any CPU.Build.0 = Release|Any CPU
		{8670357B-B890-4463-89E1-44A9AD1BB68C}.Debug|Any CPU.ActiveCfg = Debug|Any CPU
		{8670357B-B890-4463-89E1-44A9AD1BB68C}.Debug|Any CPU.Build.0 = Debug|Any CPU
		{8670357B-B890-4463-89E1-44A9AD1BB68C}.Release|Any CPU.ActiveCfg = Release|Any CPU
		{8670357B-B890-4463-89E1-44A9AD1BB68C}.Release|Any CPU.Build.0 = Release|Any CPU
		{CD8945B1-33EE-487F-83E1-83FE8A42A251}.Debug|Any CPU.ActiveCfg = Debug|Any CPU
		{CD8945B1-33EE-487F-83E1-83FE8A42A251}.Debug|Any CPU.Build.0 = Debug|Any CPU
		{CD8945B1-33EE-487F-83E1-83FE8A42A251}.Release|Any CPU.ActiveCfg = Release|Any CPU
		{CD8945B1-33EE-487F-83E1-83FE8A42A251}.Release|Any CPU.Build.0 = Release|Any CPU
		{4888028B-4BE8-4C82-BFEA-8793EF107C8B}.Debug|Any CPU.ActiveCfg = Debug|Any CPU
		{4888028B-4BE8-4C82-BFEA-8793EF107C8B}.Debug|Any CPU.Build.0 = Debug|Any CPU
		{4888028B-4BE8-4C82-BFEA-8793EF107C8B}.Release|Any CPU.ActiveCfg = Release|Any CPU
		{4888028B-4BE8-4C82-BFEA-8793EF107C8B}.Release|Any CPU.Build.0 = Release|Any CPU
	EndGlobalSection
	GlobalSection(SolutionProperties) = preSolution
		HideSolutionNode = FALSE
	EndGlobalSection
	GlobalSection(NestedProjects) = preSolution
		{4888028B-4BE8-4C82-BFEA-8793EF107C8B} = {CDD7CAE5-1D0F-46A9-B209-61760D773A61}
	EndGlobalSection
EndGlobal
